
Microsoft Visual Studio Solution File, Format Version 12.00
# Visual Studio Version 16
VisualStudioVersion = 16.0.31702.278
MinimumVisualStudioVersion = 10.0.40219.1
Project("{9A19103F-16F7-4668-BE54-9A1E7A4F7556}") = "Integration API", "Integration API\Integration API.csproj", "{19536101-2D7E-4833-AEA6-97B245950B59}"
EndProject
Project("{9A19103F-16F7-4668-BE54-9A1E7A4F7556}") = "Integration", "Integration\Integration.csproj", "{283A9CAE-4FD4-4E1A-B27A-BBE23DB33E8A}"
EndProject
Project("{9A19103F-16F7-4668-BE54-9A1E7A4F7556}") = "Hospital API", "Hospital API\Hospital API.csproj", "{AA7B1CA1-4AFE-4FF9-8A75-C11F6DEE2A1D}"
EndProject
Project("{9A19103F-16F7-4668-BE54-9A1E7A4F7556}") = "Hospital", "Hospital\Hospital.csproj", "{B907521C-0885-45BE-9EA9-A2BAE7CFAE6B}"
EndProject
Project("{FAE04EC0-301F-11D3-BF4B-00C04F79EFBC}") = "IntegrationTests", "IntegrationTests\IntegrationTests.csproj", "{C755BFE2-01BB-44BF-B271-024CDA53CDB9}"
EndProject
Global
	GlobalSection(SolutionConfigurationPlatforms) = preSolution
		Debug|Any CPU = Debug|Any CPU
		Release|Any CPU = Release|Any CPU
	EndGlobalSection
	GlobalSection(ProjectConfigurationPlatforms) = postSolution
		{19536101-2D7E-4833-AEA6-97B245950B59}.Debug|Any CPU.ActiveCfg = Debug|Any CPU
		{19536101-2D7E-4833-AEA6-97B245950B59}.Debug|Any CPU.Build.0 = Debug|Any CPU
		{19536101-2D7E-4833-AEA6-97B245950B59}.Release|Any CPU.ActiveCfg = Release|Any CPU
		{19536101-2D7E-4833-AEA6-97B245950B59}.Release|Any CPU.Build.0 = Release|Any CPU
		{283A9CAE-4FD4-4E1A-B27A-BBE23DB33E8A}.Debug|Any CPU.ActiveCfg = Debug|Any CPU
		{283A9CAE-4FD4-4E1A-B27A-BBE23DB33E8A}.Debug|Any CPU.Build.0 = Debug|Any CPU
		{283A9CAE-4FD4-4E1A-B27A-BBE23DB33E8A}.Release|Any CPU.ActiveCfg = Release|Any CPU
		{283A9CAE-4FD4-4E1A-B27A-BBE23DB33E8A}.Release|Any CPU.Build.0 = Release|Any CPU
		{AA7B1CA1-4AFE-4FF9-8A75-C11F6DEE2A1D}.Debug|Any CPU.ActiveCfg = Debug|Any CPU
		{AA7B1CA1-4AFE-4FF9-8A75-C11F6DEE2A1D}.Debug|Any CPU.Build.0 = Debug|Any CPU
		{AA7B1CA1-4AFE-4FF9-8A75-C11F6DEE2A1D}.Release|Any CPU.ActiveCfg = Release|Any CPU
		{AA7B1CA1-4AFE-4FF9-8A75-C11F6DEE2A1D}.Release|Any CPU.Build.0 = Release|Any CPU
		{B907521C-0885-45BE-9EA9-A2BAE7CFAE6B}.Debug|Any CPU.ActiveCfg = Debug|Any CPU
		{B907521C-0885-45BE-9EA9-A2BAE7CFAE6B}.Debug|Any CPU.Build.0 = Debug|Any CPU
		{B907521C-0885-45BE-9EA9-A2BAE7CFAE6B}.Release|Any CPU.ActiveCfg = Release|Any CPU
		{B907521C-0885-45BE-9EA9-A2BAE7CFAE6B}.Release|Any CPU.Build.0 = Release|Any CPU
		{C755BFE2-01BB-44BF-B271-024CDA53CDB9}.Debug|Any CPU.ActiveCfg = Debug|Any CPU
		{C755BFE2-01BB-44BF-B271-024CDA53CDB9}.Debug|Any CPU.Build.0 = Debug|Any CPU
		{C755BFE2-01BB-44BF-B271-024CDA53CDB9}.Release|Any CPU.ActiveCfg = Release|Any CPU
		{C755BFE2-01BB-44BF-B271-024CDA53CDB9}.Release|Any CPU.Build.0 = Release|Any CPU
	EndGlobalSection
	GlobalSection(SolutionProperties) = preSolution
		HideSolutionNode = FALSE
	EndGlobalSection
	GlobalSection(ExtensibilityGlobals) = postSolution
		SolutionGuid = {B6E907D3-8877-4C87-BA4E-62D556A0469F}
	EndGlobalSection
EndGlobal
